
Microsoft Visual Studio Solution File, Format Version 12.00
# Visual Studio Version 17
VisualStudioVersion = 17.11.35327.3
MinimumVisualStudioVersion = 10.0.40219.1
Project("{FAE04EC0-301F-11D3-BF4B-00C04F79EFBC}") = "webodev", "webodev\webodev.csproj", "{07AE63F4-A677-42AD-9754-982EB7C9CDB4}"
EndProject
Global
	GlobalSection(SolutionConfigurationPlatforms) = preSolution
		Debug|Any CPU = Debug|Any CPU
		Release|Any CPU = Release|Any CPU
	EndGlobalSection
	GlobalSection(ProjectConfigurationPlatforms) = postSolution
		{07AE63F4-A677-42AD-9754-982EB7C9CDB4}.Debug|Any CPU.ActiveCfg = Debug|Any CPU
		{07AE63F4-A677-42AD-9754-982EB7C9CDB4}.Debug|Any CPU.Build.0 = Debug|Any CPU
		{07AE63F4-A677-42AD-9754-982EB7C9CDB4}.Release|Any CPU.ActiveCfg = Release|Any CPU
		{07AE63F4-A677-42AD-9754-982EB7C9CDB4}.Release|Any CPU.Build.0 = Release|Any CPU
	EndGlobalSection
	GlobalSection(SolutionProperties) = preSolution
		HideSolutionNode = FALSE
	EndGlobalSection
	GlobalSection(ExtensibilityGlobals) = postSolution
		SolutionGuid = {BB642EB1-DACE-4509-9EF3-186CC8B04E9F}
	EndGlobalSection
EndGlobal
